// !$*UTF8*$!
{
	archiveVersion = 1;
	classes = {
	};
	objectVersion = 77;
	objects = {

/* Begin PBXBuildFile section */
		0329E9BD4E86C588B0C94697 /* ShieldActionHandler.swift in Sources */ = {isa = PBXBuildFile; fileRef = 7587888E97478D128AE65CF0 /* ShieldActionHandler.swift */; };
		2157F04B5F48A6D609F8EF88 /* MonitorExtension.swift in Sources */ = {isa = PBXBuildFile; fileRef = 59EBEB1710DD4ED237D42172 /* MonitorExtension.swift */; };
		2166DEA69E81D117BC4DBAD2 /* Brand.swift in Sources */ = {isa = PBXBuildFile; fileRef = A0BB6BD51B1771E3A6F2205F /* Brand.swift */; };
		2796E3A1CA204E26FB9C7D01 /* Models.swift in Sources */ = {isa = PBXBuildFile; fileRef = 841BBC193A5364DD09CBF2FF /* Models.swift */; };
		2AA91633C6FD0653F682E605 /* GrantActivityAttributes.swift in Sources */ = {isa = PBXBuildFile; fileRef = 4BB93A684A53F84F7EDCC058 /* GrantActivityAttributes.swift */; };
		2E2E61AD5123477D86D3A2FD /* Models.swift in Sources */ = {isa = PBXBuildFile; fileRef = 841BBC193A5364DD09CBF2FF /* Models.swift */; };
		39C95B2EC3490D5C2F7846F6 /* Secrets.swift in Sources */ = {isa = PBXBuildFile; fileRef = 938CBAF68EF8984183420816 /* Secrets.swift */; };
		3DE6DF1B005E15DE836C12A5 /* SyncService.swift in Sources */ = {isa = PBXBuildFile; fileRef = F108E947B409386ACE147906 /* SyncService.swift */; };
		423F8ACC6C8C1E862D6AD66E /* ScreenCPWidgets.appex in Embed Foundation Extensions */ = {isa = PBXBuildFile; fileRef = AA069F8B4430E8981B00B86A /* ScreenCPWidgets.appex */; settings = {ATTRIBUTES = (RemoveHeadersOnCopy, ); }; };
		478657F796AA6E87613E5492 /* Models.swift in Sources */ = {isa = PBXBuildFile; fileRef = 841BBC193A5364DD09CBF2FF /* Models.swift */; };
		48A37C01B537F996AD79DD58 /* TodayView.swift in Sources */ = {isa = PBXBuildFile; fileRef = 5AE394EA4C44A72252764D72 /* TodayView.swift */; };
		4CD71649357F8DC8C244D562 /* GrantActivityAttributes.swift in Sources */ = {isa = PBXBuildFile; fileRef = 4BB93A684A53F84F7EDCC058 /* GrantActivityAttributes.swift */; };
		4D2A005DE099D1A4CCBD63DE /* Secrets.swift in Sources */ = {isa = PBXBuildFile; fileRef = 938CBAF68EF8984183420816 /* Secrets.swift */; };
		5268BE15AFDA92145455BC9A /* SpikeView.swift in Sources */ = {isa = PBXBuildFile; fileRef = 91EE2E1E47F1CB7FCCF31010 /* SpikeView.swift */; };
		540F4B7363B0D5B5805BCAB6 /* Models.swift in Sources */ = {isa = PBXBuildFile; fileRef = 841BBC193A5364DD09CBF2FF /* Models.swift */; };
		5C539374B0466C50924AF364 /* Brand.swift in Sources */ = {isa = PBXBuildFile; fileRef = A0BB6BD51B1771E3A6F2205F /* Brand.swift */; };
		67E5C7048796FEAC6FC2B2DB /* SetupPickerView.swift in Sources */ = {isa = PBXBuildFile; fileRef = F6033BFFDF0B194DB1600F02 /* SetupPickerView.swift */; };
		6A4677A92B524610921F67FC /* Secrets.swift in Sources */ = {isa = PBXBuildFile; fileRef = 938CBAF68EF8984183420816 /* Secrets.swift */; };
		6C5B446071DA3E748F08C3EA /* GrantActivityAttributes.swift in Sources */ = {isa = PBXBuildFile; fileRef = 4BB93A684A53F84F7EDCC058 /* GrantActivityAttributes.swift */; };
		6CD720D54858235660FD4B50 /* ScreenCPMonitor.appex in Embed Foundation Extensions */ = {isa = PBXBuildFile; fileRef = 1C1607B5CE8B4B99C93FA298 /* ScreenCPMonitor.appex */; settings = {ATTRIBUTES = (RemoveHeadersOnCopy, ); }; };
		6CE7D4367E59AF1F65C58080 /* ScreenCPShield.appex in Embed Foundation Extensions */ = {isa = PBXBuildFile; fileRef = 75CA48D93A96E94EA0CF94D0 /* ScreenCPShield.appex */; settings = {ATTRIBUTES = (RemoveHeadersOnCopy, ); }; };
		7590A888ED165B957E67C9AF /* GrantActivityAttributes.swift in Sources */ = {isa = PBXBuildFile; fileRef = 4BB93A684A53F84F7EDCC058 /* GrantActivityAttributes.swift */; };
		7A33835235ED24EEFCB0AE15 /* GrantActivityAttributes.swift in Sources */ = {isa = PBXBuildFile; fileRef = 4BB93A684A53F84F7EDCC058 /* GrantActivityAttributes.swift */; };
		8315F1A7CDE380E7CBE8F5CD /* OnboardingView.swift in Sources */ = {isa = PBXBuildFile; fileRef = 0CC63273BBC58374DDF536C5 /* OnboardingView.swift */; };
		837C905453272C916F201A3E /* Brand.swift in Sources */ = {isa = PBXBuildFile; fileRef = A0BB6BD51B1771E3A6F2205F /* Brand.swift */; };
		8627215CEE37FE8C2141D561 /* UnlockSheet.swift in Sources */ = {isa = PBXBuildFile; fileRef = 23B134360FE0EE229150729A /* UnlockSheet.swift */; };
		87CB99F6A268ACF324277FF0 /* NotificationService.swift in Sources */ = {isa = PBXBuildFile; fileRef = 171183459AF315FD2CBFC7F8 /* NotificationService.swift */; };
		88DDB3B07B4CF5596A4D2965 /* ScreenCPShieldAction.appex in Embed Foundation Extensions */ = {isa = PBXBuildFile; fileRef = B44DA802A815BCC168DE6705 /* ScreenCPShieldAction.appex */; settings = {ATTRIBUTES = (RemoveHeadersOnCopy, ); }; };
		8C8461D5B9213E346050B4C4 /* Models.swift in Sources */ = {isa = PBXBuildFile; fileRef = 841BBC193A5364DD09CBF2FF /* Models.swift */; };
		92DECF3A92E409F10B870C9A /* AppGroupStore.swift in Sources */ = {isa = PBXBuildFile; fileRef = 2462D8E2E9A6511DE977E7E4 /* AppGroupStore.swift */; };
		96B6E681ED743ED067FD7BE9 /* EnforcementEngine.swift in Sources */ = {isa = PBXBuildFile; fileRef = 975A797ED1FD72531ED1F9A7 /* EnforcementEngine.swift */; };
		9ACDB0EAFF58D7E197091661 /* LiveActivityManager.swift in Sources */ = {isa = PBXBuildFile; fileRef = 471EB8DE767768A0EAC8C2D6 /* LiveActivityManager.swift */; };
		9C0989A7267F0653544CE3BE /* AppDelegate.swift in Sources */ = {isa = PBXBuildFile; fileRef = 9A3131938E0438D2114E0E7C /* AppDelegate.swift */; };
		A416E985058AC286A0AF7F44 /* GrantActivityAttributes.swift in Sources */ = {isa = PBXBuildFile; fileRef = 4BB93A684A53F84F7EDCC058 /* GrantActivityAttributes.swift */; };
		A512A0835888895A87FD8F90 /* ShieldDataSource.swift in Sources */ = {isa = PBXBuildFile; fileRef = 886279C61F03185BE6C3B80D /* ShieldDataSource.swift */; };
		A7FFEA15FD70A8E1B9382C52 /* AppGroupStore.swift in Sources */ = {isa = PBXBuildFile; fileRef = 2462D8E2E9A6511DE977E7E4 /* AppGroupStore.swift */; };
		AC6544AF53B9FB5CEE6466CF /* ScreenCPApp.swift in Sources */ = {isa = PBXBuildFile; fileRef = 8FD4BAEE01F6FAE18DE59F9E /* ScreenCPApp.swift */; };
		B0081C50CFC2923E906927EE /* SyncCoordinator.swift in Sources */ = {isa = PBXBuildFile; fileRef = 9CF7AFEAC90D56F086889FD8 /* SyncCoordinator.swift */; };
		B2990C2DA0DBD43591A768D1 /* EnforcementEngine.swift in Sources */ = {isa = PBXBuildFile; fileRef = 975A797ED1FD72531ED1F9A7 /* EnforcementEngine.swift */; };
		B97D341D774D0F76BC927336 /* Brand.swift in Sources */ = {isa = PBXBuildFile; fileRef = A0BB6BD51B1771E3A6F2205F /* Brand.swift */; };
		BB847333C9AFEBAD6773923C /* EnforcementEngine.swift in Sources */ = {isa = PBXBuildFile; fileRef = 975A797ED1FD72531ED1F9A7 /* EnforcementEngine.swift */; };
		BF477227A683047996E156E7 /* Assets.xcassets in Resources */ = {isa = PBXBuildFile; fileRef = 6D3DAFBC67881E84E5506891 /* Assets.xcassets */; };
		C23592FF5EA298F8E4E01666 /* AppGroupStore.swift in Sources */ = {isa = PBXBuildFile; fileRef = 2462D8E2E9A6511DE977E7E4 /* AppGroupStore.swift */; };
		C7EE1698E858B31EA7CC0D94 /* Brand.swift in Sources */ = {isa = PBXBuildFile; fileRef = A0BB6BD51B1771E3A6F2205F /* Brand.swift */; };
		C9C9529968601025379D2D80 /* GrantLiveActivity.swift in Sources */ = {isa = PBXBuildFile; fileRef = 2FDABB63FEF9D81CDD694DAE /* GrantLiveActivity.swift */; };
		CED3EC698E5655F3AB3F1FDF /* ContentView.swift in Sources */ = {isa = PBXBuildFile; fileRef = 5BD7CAEC34BCB53D0AF547C9 /* ContentView.swift */; };
		D68B3A76A2832F04E2BF582A /* AppGroupStore.swift in Sources */ = {isa = PBXBuildFile; fileRef = 2462D8E2E9A6511DE977E7E4 /* AppGroupStore.swift */; };
		DB3EF94D5128649632BD4B59 /* ScreenCPApplier.appex in Embed Foundation Extensions */ = {isa = PBXBuildFile; fileRef = 2E45EA318A651CEF15FE88C7 /* ScreenCPApplier.appex */; settings = {ATTRIBUTES = (RemoveHeadersOnCopy, ); }; };
		E0EBC64CBEA99880165686BB /* AppGroupStore.swift in Sources */ = {isa = PBXBuildFile; fileRef = 2462D8E2E9A6511DE977E7E4 /* AppGroupStore.swift */; };
		E5D4301365A5312823E0E919 /* EnforcementEngine.swift in Sources */ = {isa = PBXBuildFile; fileRef = 975A797ED1FD72531ED1F9A7 /* EnforcementEngine.swift */; };
		F5F533C19502C1CE67C1B8D9 /* BackendClient.swift in Sources */ = {isa = PBXBuildFile; fileRef = 6E6945394780099D6AC387EE /* BackendClient.swift */; };
		FD1BFD127E76091EFF02C083 /* EnforcementEngine.swift in Sources */ = {isa = PBXBuildFile; fileRef = 975A797ED1FD72531ED1F9A7 /* EnforcementEngine.swift */; };
/* End PBXBuildFile section */

/* Begin PBXContainerItemProxy section */
		8D480F10BE8538F87F4B48AC /* PBXContainerItemProxy */ = {
			isa = PBXContainerItemProxy;
			containerPortal = 359F9B31ADA8C15722BA4FC4 /* Project object */;
			proxyType = 1;
			remoteGlobalIDString = 9E80943E1C7AAF8991356FD9;
			remoteInfo = ScreenCPApplier;
		};
		A478723AD087B7970358CF63 /* PBXContainerItemProxy */ = {
			isa = PBXContainerItemProxy;
			containerPortal = 359F9B31ADA8C15722BA4FC4 /* Project object */;
			proxyType = 1;
			remoteGlobalIDString = 1FE03199892430D3EDCC3C23;
			remoteInfo = ScreenCPWidgets;
		};
		BAE1FDB2D0A283A4936903E7 /* PBXContainerItemProxy */ = {
			isa = PBXContainerItemProxy;
			containerPortal = 359F9B31ADA8C15722BA4FC4 /* Project object */;
			proxyType = 1;
			remoteGlobalIDString = 7A06FC26E8FE4C448D42309F;
			remoteInfo = ScreenCPMonitor;
		};
		F3A0E80E34098EE69E706841 /* PBXContainerItemProxy */ = {
			isa = PBXContainerItemProxy;
			containerPortal = 359F9B31ADA8C15722BA4FC4 /* Project object */;
			proxyType = 1;
			remoteGlobalIDString = A1A40A62F928A04B65206C8D;
			remoteInfo = ScreenCPShieldAction;
		};
		FC8E43341F9E244E3C86FBF1 /* PBXContainerItemProxy */ = {
			isa = PBXContainerItemProxy;
			containerPortal = 359F9B31ADA8C15722BA4FC4 /* Project object */;
			proxyType = 1;
			remoteGlobalIDString = 1CE3AE8BD714CF801F081740;
			remoteInfo = ScreenCPShield;
		};
/* End PBXContainerItemProxy section */

/* Begin PBXCopyFilesBuildPhase section */
		7667882506465E7EEE3D0201 /* Embed Foundation Extensions */ = {
			isa = PBXCopyFilesBuildPhase;
			buildActionMask = 2147483647;
			dstPath = "";
			dstSubfolderSpec = 13;
			files = (
				6CD720D54858235660FD4B50 /* ScreenCPMonitor.appex in Embed Foundation Extensions */,
				DB3EF94D5128649632BD4B59 /* ScreenCPApplier.appex in Embed Foundation Extensions */,
				6CE7D4367E59AF1F65C58080 /* ScreenCPShield.appex in Embed Foundation Extensions */,
				88DDB3B07B4CF5596A4D2965 /* ScreenCPShieldAction.appex in Embed Foundation Extensions */,
				423F8ACC6C8C1E862D6AD66E /* ScreenCPWidgets.appex in Embed Foundation Extensions */,
			);
			name = "Embed Foundation Extensions";
			runOnlyForDeploymentPostprocessing = 0;
		};
/* End PBXCopyFilesBuildPhase section */

/* Begin PBXFileReference section */
		0CC63273BBC58374DDF536C5 /* OnboardingView.swift */ = {isa = PBXFileReference; lastKnownFileType = sourcecode.swift; path = OnboardingView.swift; sourceTree = "<group>"; };
		171183459AF315FD2CBFC7F8 /* NotificationService.swift */ = {isa = PBXFileReference; lastKnownFileType = sourcecode.swift; path = NotificationService.swift; sourceTree = "<group>"; };
		1C1607B5CE8B4B99C93FA298 /* ScreenCPMonitor.appex */ = {isa = PBXFileReference; includeInIndex = 0; lastKnownFileType = "wrapper.app-extension"; path = ScreenCPMonitor.appex; sourceTree = BUILT_PRODUCTS_DIR; };
		23B134360FE0EE229150729A /* UnlockSheet.swift */ = {isa = PBXFileReference; lastKnownFileType = sourcecode.swift; path = UnlockSheet.swift; sourceTree = "<group>"; };
		2462D8E2E9A6511DE977E7E4 /* AppGroupStore.swift */ = {isa = PBXFileReference; lastKnownFileType = sourcecode.swift; path = AppGroupStore.swift; sourceTree = "<group>"; };
		2E45EA318A651CEF15FE88C7 /* ScreenCPApplier.appex */ = {isa = PBXFileReference; includeInIndex = 0; lastKnownFileType = "wrapper.app-extension"; path = ScreenCPApplier.appex; sourceTree = BUILT_PRODUCTS_DIR; };
		2FDABB63FEF9D81CDD694DAE /* GrantLiveActivity.swift */ = {isa = PBXFileReference; lastKnownFileType = sourcecode.swift; path = GrantLiveActivity.swift; sourceTree = "<group>"; };
		471EB8DE767768A0EAC8C2D6 /* LiveActivityManager.swift */ = {isa = PBXFileReference; lastKnownFileType = sourcecode.swift; path = LiveActivityManager.swift; sourceTree = "<group>"; };
		4BB93A684A53F84F7EDCC058 /* GrantActivityAttributes.swift */ = {isa = PBXFileReference; lastKnownFileType = sourcecode.swift; path = GrantActivityAttributes.swift; sourceTree = "<group>"; };
		59EBEB1710DD4ED237D42172 /* MonitorExtension.swift */ = {isa = PBXFileReference; lastKnownFileType = sourcecode.swift; path = MonitorExtension.swift; sourceTree = "<group>"; };
		5AE394EA4C44A72252764D72 /* TodayView.swift */ = {isa = PBXFileReference; lastKnownFileType = sourcecode.swift; path = TodayView.swift; sourceTree = "<group>"; };
		5BD7CAEC34BCB53D0AF547C9 /* ContentView.swift */ = {isa = PBXFileReference; lastKnownFileType = sourcecode.swift; path = ContentView.swift; sourceTree = "<group>"; };
		5F7341B4D1B1435CAFE58912 /* ScreenCP.app */ = {isa = PBXFileReference; includeInIndex = 0; lastKnownFileType = wrapper.application; path = ScreenCP.app; sourceTree = BUILT_PRODUCTS_DIR; };
		6D3DAFBC67881E84E5506891 /* Assets.xcassets */ = {isa = PBXFileReference; lastKnownFileType = folder.assetcatalog; path = Assets.xcassets; sourceTree = "<group>"; };
		6E6945394780099D6AC387EE /* BackendClient.swift */ = {isa = PBXFileReference; lastKnownFileType = sourcecode.swift; path = BackendClient.swift; sourceTree = "<group>"; };
		7587888E97478D128AE65CF0 /* ShieldActionHandler.swift */ = {isa = PBXFileReference; lastKnownFileType = sourcecode.swift; path = ShieldActionHandler.swift; sourceTree = "<group>"; };
		75CA48D93A96E94EA0CF94D0 /* ScreenCPShield.appex */ = {isa = PBXFileReference; includeInIndex = 0; lastKnownFileType = "wrapper.app-extension"; path = ScreenCPShield.appex; sourceTree = BUILT_PRODUCTS_DIR; };
		841BBC193A5364DD09CBF2FF /* Models.swift */ = {isa = PBXFileReference; lastKnownFileType = sourcecode.swift; path = Models.swift; sourceTree = "<group>"; };
		886279C61F03185BE6C3B80D /* ShieldDataSource.swift */ = {isa = PBXFileReference; lastKnownFileType = sourcecode.swift; path = ShieldDataSource.swift; sourceTree = "<group>"; };
		8FD4BAEE01F6FAE18DE59F9E /* ScreenCPApp.swift */ = {isa = PBXFileReference; lastKnownFileType = sourcecode.swift; path = ScreenCPApp.swift; sourceTree = "<group>"; };
		91EE2E1E47F1CB7FCCF31010 /* SpikeView.swift */ = {isa = PBXFileReference; lastKnownFileType = sourcecode.swift; path = SpikeView.swift; sourceTree = "<group>"; };
		938CBAF68EF8984183420816 /* Secrets.swift */ = {isa = PBXFileReference; lastKnownFileType = sourcecode.swift; path = Secrets.swift; sourceTree = "<group>"; };
		975A797ED1FD72531ED1F9A7 /* EnforcementEngine.swift */ = {isa = PBXFileReference; lastKnownFileType = sourcecode.swift; path = EnforcementEngine.swift; sourceTree = "<group>"; };
		9A3131938E0438D2114E0E7C /* AppDelegate.swift */ = {isa = PBXFileReference; lastKnownFileType = sourcecode.swift; path = AppDelegate.swift; sourceTree = "<group>"; };
		9CF7AFEAC90D56F086889FD8 /* SyncCoordinator.swift */ = {isa = PBXFileReference; lastKnownFileType = sourcecode.swift; path = SyncCoordinator.swift; sourceTree = "<group>"; };
		A0BB6BD51B1771E3A6F2205F /* Brand.swift */ = {isa = PBXFileReference; lastKnownFileType = sourcecode.swift; path = Brand.swift; sourceTree = "<group>"; };
		AA069F8B4430E8981B00B86A /* ScreenCPWidgets.appex */ = {isa = PBXFileReference; includeInIndex = 0; lastKnownFileType = "wrapper.app-extension"; path = ScreenCPWidgets.appex; sourceTree = BUILT_PRODUCTS_DIR; };
		B44DA802A815BCC168DE6705 /* ScreenCPShieldAction.appex */ = {isa = PBXFileReference; includeInIndex = 0; lastKnownFileType = "wrapper.app-extension"; path = ScreenCPShieldAction.appex; sourceTree = BUILT_PRODUCTS_DIR; };
		F108E947B409386ACE147906 /* SyncService.swift */ = {isa = PBXFileReference; lastKnownFileType = sourcecode.swift; path = SyncService.swift; sourceTree = "<group>"; };
		F6033BFFDF0B194DB1600F02 /* SetupPickerView.swift */ = {isa = PBXFileReference; lastKnownFileType = sourcecode.swift; path = SetupPickerView.swift; sourceTree = "<group>"; };
/* End PBXFileReference section */

/* Begin PBXGroup section */
		0CA908DED08CF32EBCAD433C /* Sources */ = {
			isa = PBXGroup;
			children = (
				886279C61F03185BE6C3B80D /* ShieldDataSource.swift */,
			);
			name = Sources;
			path = ScreenCPShield/Sources;
			sourceTree = "<group>";
		};
		26BDD55FACF8B9386BE903AC = {
			isa = PBXGroup;
			children = (
				49346FA8666E96DAD5820143 /* Resources */,
				60B5BE589DDA57FFF5122FA7 /* Shared */,
				F2959C3B03A0216EC55E9A4B /* Sources */,
				30690A32FF9187C31BBBDA53 /* Sources */,
				29E000773319743297D94698 /* Sources */,
				0CA908DED08CF32EBCAD433C /* Sources */,
				29637599772451748125C4F1 /* Sources */,
				73A12A69C2D06D6513AD1F22 /* Sources */,
				4B0E68F28C1B35EAB9CAAC8F /* Products */,
			);
			sourceTree = "<group>";
		};
		29637599772451748125C4F1 /* Sources */ = {
			isa = PBXGroup;
			children = (
				7587888E97478D128AE65CF0 /* ShieldActionHandler.swift */,
			);
			name = Sources;
			path = ScreenCPShieldAction/Sources;
			sourceTree = "<group>";
		};
		29E000773319743297D94698 /* Sources */ = {
			isa = PBXGroup;
			children = (
				59EBEB1710DD4ED237D42172 /* MonitorExtension.swift */,
			);
			name = Sources;
			path = ScreenCPMonitor/Sources;
			sourceTree = "<group>";
		};
		30690A32FF9187C31BBBDA53 /* Sources */ = {
			isa = PBXGroup;
			children = (
				171183459AF315FD2CBFC7F8 /* NotificationService.swift */,
			);
			name = Sources;
			path = ScreenCPApplier/Sources;
			sourceTree = "<group>";
		};
		49346FA8666E96DAD5820143 /* Resources */ = {
			isa = PBXGroup;
			children = (
				6D3DAFBC67881E84E5506891 /* Assets.xcassets */,
			);
			name = Resources;
			path = ScreenCP/Resources;
			sourceTree = "<group>";
		};
		4B0E68F28C1B35EAB9CAAC8F /* Products */ = {
			isa = PBXGroup;
			children = (
				5F7341B4D1B1435CAFE58912 /* ScreenCP.app */,
				2E45EA318A651CEF15FE88C7 /* ScreenCPApplier.appex */,
				1C1607B5CE8B4B99C93FA298 /* ScreenCPMonitor.appex */,
				75CA48D93A96E94EA0CF94D0 /* ScreenCPShield.appex */,
				B44DA802A815BCC168DE6705 /* ScreenCPShieldAction.appex */,
				AA069F8B4430E8981B00B86A /* ScreenCPWidgets.appex */,
			);
			name = Products;
			sourceTree = "<group>";
		};
		60B5BE589DDA57FFF5122FA7 /* Shared */ = {
			isa = PBXGroup;
			children = (
				2462D8E2E9A6511DE977E7E4 /* AppGroupStore.swift */,
				A0BB6BD51B1771E3A6F2205F /* Brand.swift */,
				975A797ED1FD72531ED1F9A7 /* EnforcementEngine.swift */,
				4BB93A684A53F84F7EDCC058 /* GrantActivityAttributes.swift */,
				841BBC193A5364DD09CBF2FF /* Models.swift */,
			);
			name = Shared;
			path = ScreenCP/Shared;
			sourceTree = "<group>";
		};
		73A12A69C2D06D6513AD1F22 /* Sources */ = {
			isa = PBXGroup;
			children = (
				2FDABB63FEF9D81CDD694DAE /* GrantLiveActivity.swift */,
			);
			name = Sources;
			path = ScreenCPWidgets/Sources;
			sourceTree = "<group>";
		};
		F2959C3B03A0216EC55E9A4B /* Sources */ = {
			isa = PBXGroup;
			children = (
				9A3131938E0438D2114E0E7C /* AppDelegate.swift */,
				6E6945394780099D6AC387EE /* BackendClient.swift */,
				5BD7CAEC34BCB53D0AF547C9 /* ContentView.swift */,
				471EB8DE767768A0EAC8C2D6 /* LiveActivityManager.swift */,
				0CC63273BBC58374DDF536C5 /* OnboardingView.swift */,
				8FD4BAEE01F6FAE18DE59F9E /* ScreenCPApp.swift */,
				938CBAF68EF8984183420816 /* Secrets.swift */,
				F6033BFFDF0B194DB1600F02 /* SetupPickerView.swift */,
				91EE2E1E47F1CB7FCCF31010 /* SpikeView.swift */,
				9CF7AFEAC90D56F086889FD8 /* SyncCoordinator.swift */,
				F108E947B409386ACE147906 /* SyncService.swift */,
				5AE394EA4C44A72252764D72 /* TodayView.swift */,
				23B134360FE0EE229150729A /* UnlockSheet.swift */,
			);
			name = Sources;
			path = ScreenCP/Sources;
			sourceTree = "<group>";
		};
/* End PBXGroup section */

/* Begin PBXNativeTarget section */
		18795D4D75CEE23EA65056C3 /* ScreenCP */ = {
			isa = PBXNativeTarget;
			buildConfigurationList = 3D53704D0FE2645BDC2B242A /* Build configuration list for PBXNativeTarget "ScreenCP" */;
			buildPhases = (
				F3BF9CA16C92CF7490201386 /* Sources */,
				1A9C8FB09BA8CCF2F3AB86DC /* Resources */,
				7667882506465E7EEE3D0201 /* Embed Foundation Extensions */,
			);
			buildRules = (
			);
			dependencies = (
				5B7B43A40E5374C9A33C3D67 /* PBXTargetDependency */,
				485CF8AAE38C231D9BE10C91 /* PBXTargetDependency */,
				8F934F37AEC029A2E18291DB /* PBXTargetDependency */,
				9F5BB7C49FEEF24C3372BDF0 /* PBXTargetDependency */,
				CE59CC4A74E0093B0A9F292B /* PBXTargetDependency */,
			);
			name = ScreenCP;
			packageProductDependencies = (
			);
			productName = ScreenCP;
			productReference = 5F7341B4D1B1435CAFE58912 /* ScreenCP.app */;
			productType = "com.apple.product-type.application";
		};
		1CE3AE8BD714CF801F081740 /* ScreenCPShield */ = {
			isa = PBXNativeTarget;
			buildConfigurationList = BB0612AD6C9901509268C07D /* Build configuration list for PBXNativeTarget "ScreenCPShield" */;
			buildPhases = (
				4CB61270EDB0F475CB2F3593 /* Sources */,
			);
			buildRules = (
			);
			dependencies = (
			);
			name = ScreenCPShield;
			packageProductDependencies = (
			);
			productName = ScreenCPShield;
			productReference = 75CA48D93A96E94EA0CF94D0 /* ScreenCPShield.appex */;
			productType = "com.apple.product-type.app-extension";
		};
		1FE03199892430D3EDCC3C23 /* ScreenCPWidgets */ = {
			isa = PBXNativeTarget;
			buildConfigurationList = C5DCE736EB4D36C8298808E4 /* Build configuration list for PBXNativeTarget "ScreenCPWidgets" */;
			buildPhases = (
				9C3F1A2EBFD727CA08320164 /* Sources */,
			);
			buildRules = (
			);
			dependencies = (
			);
			name = ScreenCPWidgets;
			packageProductDependencies = (
			);
			productName = ScreenCPWidgets;
			productReference = AA069F8B4430E8981B00B86A /* ScreenCPWidgets.appex */;
			productType = "com.apple.product-type.app-extension";
		};
		7A06FC26E8FE4C448D42309F /* ScreenCPMonitor */ = {
			isa = PBXNativeTarget;
			buildConfigurationList = 74961196FD093AC1B2315CD7 /* Build configuration list for PBXNativeTarget "ScreenCPMonitor" */;
			buildPhases = (
				5669F864CC1C4EA83798B627 /* Sources */,
			);
			buildRules = (
			);
			dependencies = (
			);
			name = ScreenCPMonitor;
			packageProductDependencies = (
			);
			productName = ScreenCPMonitor;
			productReference = 1C1607B5CE8B4B99C93FA298 /* ScreenCPMonitor.appex */;
			productType = "com.apple.product-type.app-extension";
		};
		9E80943E1C7AAF8991356FD9 /* ScreenCPApplier */ = {
			isa = PBXNativeTarget;
			buildConfigurationList = E9B55F37A76D8501F63A9A83 /* Build configuration list for PBXNativeTarget "ScreenCPApplier" */;
			buildPhases = (
				86DA6DCDAA8EEB7DECFA7A11 /* Sources */,
			);
			buildRules = (
			);
			dependencies = (
			);
			name = ScreenCPApplier;
			packageProductDependencies = (
			);
			productName = ScreenCPApplier;
			productReference = 2E45EA318A651CEF15FE88C7 /* ScreenCPApplier.appex */;
			productType = "com.apple.product-type.app-extension";
		};
		A1A40A62F928A04B65206C8D /* ScreenCPShieldAction */ = {
			isa = PBXNativeTarget;
			buildConfigurationList = 6C1F0806A2E2876AA52A9313 /* Build configuration list for PBXNativeTarget "ScreenCPShieldAction" */;
			buildPhases = (
				6A8086CCF60E5CC15CA20EF7 /* Sources */,
			);
			buildRules = (
			);
			dependencies = (
			);
			name = ScreenCPShieldAction;
			packageProductDependencies = (
			);
			productName = ScreenCPShieldAction;
			productReference = B44DA802A815BCC168DE6705 /* ScreenCPShieldAction.appex */;
			productType = "com.apple.product-type.app-extension";
		};
/* End PBXNativeTarget section */

/* Begin PBXProject section */
		359F9B31ADA8C15722BA4FC4 /* Project object */ = {
			isa = PBXProject;
			attributes = {
				BuildIndependentTargetsInParallel = YES;
				LastUpgradeCheck = 1430;
				TargetAttributes = {
					18795D4D75CEE23EA65056C3 = {
						DevelopmentTeam = R78VP2V5AQ;
						ProvisioningStyle = Automatic;
					};
					1CE3AE8BD714CF801F081740 = {
						DevelopmentTeam = R78VP2V5AQ;
						ProvisioningStyle = Automatic;
					};
					1FE03199892430D3EDCC3C23 = {
						DevelopmentTeam = R78VP2V5AQ;
						ProvisioningStyle = Automatic;
					};
					7A06FC26E8FE4C448D42309F = {
						DevelopmentTeam = R78VP2V5AQ;
						ProvisioningStyle = Automatic;
					};
					9E80943E1C7AAF8991356FD9 = {
						DevelopmentTeam = R78VP2V5AQ;
						ProvisioningStyle = Automatic;
					};
					A1A40A62F928A04B65206C8D = {
						DevelopmentTeam = R78VP2V5AQ;
						ProvisioningStyle = Automatic;
					};
				};
			};
			buildConfigurationList = F578E0F1DB58A3B74FC76321 /* Build configuration list for PBXProject "ScreenCP" */;
			developmentRegion = en;
			hasScannedForEncodings = 0;
			knownRegions = (
				Base,
				en,
			);
			mainGroup = 26BDD55FACF8B9386BE903AC;
			minimizedProjectReferenceProxies = 1;
			preferredProjectObjectVersion = 77;
			productRefGroup = 4B0E68F28C1B35EAB9CAAC8F /* Products */;
			projectDirPath = "";
			projectRoot = "";
			targets = (
				18795D4D75CEE23EA65056C3 /* ScreenCP */,
				9E80943E1C7AAF8991356FD9 /* ScreenCPApplier */,
				7A06FC26E8FE4C448D42309F /* ScreenCPMonitor */,
				1CE3AE8BD714CF801F081740 /* ScreenCPShield */,
				A1A40A62F928A04B65206C8D /* ScreenCPShieldAction */,
				1FE03199892430D3EDCC3C23 /* ScreenCPWidgets */,
			);
		};
/* End PBXProject section */

/* Begin PBXResourcesBuildPhase section */
		1A9C8FB09BA8CCF2F3AB86DC /* Resources */ = {
			isa = PBXResourcesBuildPhase;
			buildActionMask = 2147483647;
			files = (
				BF477227A683047996E156E7 /* Assets.xcassets in Resources */,
			);
			runOnlyForDeploymentPostprocessing = 0;
		};
/* End PBXResourcesBuildPhase section */

/* Begin PBXSourcesBuildPhase section */
		4CB61270EDB0F475CB2F3593 /* Sources */ = {
			isa = PBXSourcesBuildPhase;
			buildActionMask = 2147483647;
			files = (
				D68B3A76A2832F04E2BF582A /* AppGroupStore.swift in Sources */,
				2166DEA69E81D117BC4DBAD2 /* Brand.swift in Sources */,
				BB847333C9AFEBAD6773923C /* EnforcementEngine.swift in Sources */,
				7A33835235ED24EEFCB0AE15 /* GrantActivityAttributes.swift in Sources */,
				540F4B7363B0D5B5805BCAB6 /* Models.swift in Sources */,
				A512A0835888895A87FD8F90 /* ShieldDataSource.swift in Sources */,
			);
			runOnlyForDeploymentPostprocessing = 0;
		};
		5669F864CC1C4EA83798B627 /* Sources */ = {
			isa = PBXSourcesBuildPhase;
			buildActionMask = 2147483647;
			files = (
				C23592FF5EA298F8E4E01666 /* AppGroupStore.swift in Sources */,
				5C539374B0466C50924AF364 /* Brand.swift in Sources */,
				E5D4301365A5312823E0E919 /* EnforcementEngine.swift in Sources */,
				7590A888ED165B957E67C9AF /* GrantActivityAttributes.swift in Sources */,
				8C8461D5B9213E346050B4C4 /* Models.swift in Sources */,
				2157F04B5F48A6D609F8EF88 /* MonitorExtension.swift in Sources */,
			);
			runOnlyForDeploymentPostprocessing = 0;
		};
		6A8086CCF60E5CC15CA20EF7 /* Sources */ = {
			isa = PBXSourcesBuildPhase;
			buildActionMask = 2147483647;
			files = (
				E0EBC64CBEA99880165686BB /* AppGroupStore.swift in Sources */,
				C7EE1698E858B31EA7CC0D94 /* Brand.swift in Sources */,
				B2990C2DA0DBD43591A768D1 /* EnforcementEngine.swift in Sources */,
				A416E985058AC286A0AF7F44 /* GrantActivityAttributes.swift in Sources */,
				2E2E61AD5123477D86D3A2FD /* Models.swift in Sources */,
				4D2A005DE099D1A4CCBD63DE /* Secrets.swift in Sources */,
				0329E9BD4E86C588B0C94697 /* ShieldActionHandler.swift in Sources */,
			);
			runOnlyForDeploymentPostprocessing = 0;
		};
		86DA6DCDAA8EEB7DECFA7A11 /* Sources */ = {
			isa = PBXSourcesBuildPhase;
			buildActionMask = 2147483647;
			files = (
				92DECF3A92E409F10B870C9A /* AppGroupStore.swift in Sources */,
				837C905453272C916F201A3E /* Brand.swift in Sources */,
				96B6E681ED743ED067FD7BE9 /* EnforcementEngine.swift in Sources */,
				6C5B446071DA3E748F08C3EA /* GrantActivityAttributes.swift in Sources */,
				2796E3A1CA204E26FB9C7D01 /* Models.swift in Sources */,
				87CB99F6A268ACF324277FF0 /* NotificationService.swift in Sources */,
				39C95B2EC3490D5C2F7846F6 /* Secrets.swift in Sources */,
			);
			runOnlyForDeploymentPostprocessing = 0;
		};
		9C3F1A2EBFD727CA08320164 /* Sources */ = {
			isa = PBXSourcesBuildPhase;
			buildActionMask = 2147483647;
			files = (
				2AA91633C6FD0653F682E605 /* GrantActivityAttributes.swift in Sources */,
				C9C9529968601025379D2D80 /* GrantLiveActivity.swift in Sources */,
			);
			runOnlyForDeploymentPostprocessing = 0;
		};
		F3BF9CA16C92CF7490201386 /* Sources */ = {
			isa = PBXSourcesBuildPhase;
			buildActionMask = 2147483647;
			files = (
				9C0989A7267F0653544CE3BE /* AppDelegate.swift in Sources */,
				A7FFEA15FD70A8E1B9382C52 /* AppGroupStore.swift in Sources */,
				F5F533C19502C1CE67C1B8D9 /* BackendClient.swift in Sources */,
				B97D341D774D0F76BC927336 /* Brand.swift in Sources */,
				CED3EC698E5655F3AB3F1FDF /* ContentView.swift in Sources */,
				FD1BFD127E76091EFF02C083 /* EnforcementEngine.swift in Sources */,
				4CD71649357F8DC8C244D562 /* GrantActivityAttributes.swift in Sources */,
				9ACDB0EAFF58D7E197091661 /* LiveActivityManager.swift in Sources */,
				478657F796AA6E87613E5492 /* Models.swift in Sources */,
				8315F1A7CDE380E7CBE8F5CD /* OnboardingView.swift in Sources */,
				AC6544AF53B9FB5CEE6466CF /* ScreenCPApp.swift in Sources */,
				6A4677A92B524610921F67FC /* Secrets.swift in Sources */,
				67E5C7048796FEAC6FC2B2DB /* SetupPickerView.swift in Sources */,
				5268BE15AFDA92145455BC9A /* SpikeView.swift in Sources */,
				B0081C50CFC2923E906927EE /* SyncCoordinator.swift in Sources */,
				3DE6DF1B005E15DE836C12A5 /* SyncService.swift in Sources */,
				48A37C01B537F996AD79DD58 /* TodayView.swift in Sources */,
				8627215CEE37FE8C2141D561 /* UnlockSheet.swift in Sources */,
			);
			runOnlyForDeploymentPostprocessing = 0;
		};
/* End PBXSourcesBuildPhase section */

/* Begin PBXTargetDependency section */
		485CF8AAE38C231D9BE10C91 /* PBXTargetDependency */ = {
			isa = PBXTargetDependency;
			target = 9E80943E1C7AAF8991356FD9 /* ScreenCPApplier */;
			targetProxy = 8D480F10BE8538F87F4B48AC /* PBXContainerItemProxy */;
		};
		5B7B43A40E5374C9A33C3D67 /* PBXTargetDependency */ = {
			isa = PBXTargetDependency;
			target = 7A06FC26E8FE4C448D42309F /* ScreenCPMonitor */;
			targetProxy = BAE1FDB2D0A283A4936903E7 /* PBXContainerItemProxy */;
		};
		8F934F37AEC029A2E18291DB /* PBXTargetDependency */ = {
			isa = PBXTargetDependency;
			target = 1CE3AE8BD714CF801F081740 /* ScreenCPShield */;
			targetProxy = FC8E43341F9E244E3C86FBF1 /* PBXContainerItemProxy */;
		};
		9F5BB7C49FEEF24C3372BDF0 /* PBXTargetDependency */ = {
			isa = PBXTargetDependency;
			target = A1A40A62F928A04B65206C8D /* ScreenCPShieldAction */;
			targetProxy = F3A0E80E34098EE69E706841 /* PBXContainerItemProxy */;
		};
		CE59CC4A74E0093B0A9F292B /* PBXTargetDependency */ = {
			isa = PBXTargetDependency;
			target = 1FE03199892430D3EDCC3C23 /* ScreenCPWidgets */;
			targetProxy = A478723AD087B7970358CF63 /* PBXContainerItemProxy */;
		};
/* End PBXTargetDependency section */

/* Begin XCBuildConfiguration section */
		07040529B9194733D32DBD30 /* Release */ = {
			isa = XCBuildConfiguration;
			buildSettings = {
				CFBundleShortVersionString = 0.1.0;
				CURRENT_PROJECT_VERSION = 1;
				GENERATE_INFOPLIST_FILE = YES;
				INFOPLIST_FILE = ScreenCPWidgets/Info.plist;
				IPHONEOS_DEPLOYMENT_TARGET = 16.2;
				LD_RUNPATH_SEARCH_PATHS = (
					"$(inherited)",
					"@executable_path/Frameworks",
					"@executable_path/../../Frameworks",
				);
				PRODUCT_BUNDLE_IDENTIFIER = com.vishnukchitti.screencp.widgets;
				SDKROOT = iphoneos;
				TARGETED_DEVICE_FAMILY = "1,2";
			};
			name = Release;
		};
		3B3B8440F89C1883247F0178 /* Debug */ = {
			isa = XCBuildConfiguration;
			buildSettings = {
				CODE_SIGN_ENTITLEMENTS = ScreenCPApplier/ScreenCPApplier.entitlements;
				GENERATE_INFOPLIST_FILE = YES;
				INFOPLIST_FILE = ScreenCPApplier/Info.plist;
				LD_RUNPATH_SEARCH_PATHS = (
					"$(inherited)",
					"@executable_path/Frameworks",
					"@executable_path/../../Frameworks",
				);
				PRODUCT_BUNDLE_IDENTIFIER = com.vishnukchitti.screencp.applier;
				SDKROOT = iphoneos;
				TARGETED_DEVICE_FAMILY = "1,2";
			};
			name = Debug;
		};
		496292AFF012608DD08F8E6E /* Debug */ = {
			isa = XCBuildConfiguration;
			buildSettings = {
				ASSETCATALOG_COMPILER_APPICON_NAME = AppIcon;
				CODE_SIGN_ENTITLEMENTS = ScreenCP/ScreenCP.entitlements;
				CODE_SIGN_IDENTITY = "iPhone Developer";
				GENERATE_INFOPLIST_FILE = YES;
				INFOPLIST_FILE = ScreenCP/Info.plist;
				INFOPLIST_KEY_UILaunchScreen_Generation = YES;
				LD_RUNPATH_SEARCH_PATHS = (
					"$(inherited)",
					"@executable_path/Frameworks",
				);
				PRODUCT_BUNDLE_IDENTIFIER = com.vishnukchitti.screencp;
				SDKROOT = iphoneos;
				TARGETED_DEVICE_FAMILY = "1,2";
			};
			name = Debug;
		};
		4A1D37FA68E2F4FA248FE1B7 /* Debug */ = {
			isa = XCBuildConfiguration;
			buildSettings = {
				CODE_SIGN_ENTITLEMENTS = ScreenCPShieldAction/ScreenCPShieldAction.entitlements;
				GENERATE_INFOPLIST_FILE = YES;
				INFOPLIST_FILE = ScreenCPShieldAction/Info.plist;
				LD_RUNPATH_SEARCH_PATHS = (
					"$(inherited)",
					"@executable_path/Frameworks",
					"@executable_path/../../Frameworks",
				);
				PRODUCT_BUNDLE_IDENTIFIER = com.vishnukchitti.screencp.shieldaction;
				SDKROOT = iphoneos;
				TARGETED_DEVICE_FAMILY = "1,2";
			};
			name = Debug;
		};
		8063D95614413D8DB42434A5 /* Debug */ = {
			isa = XCBuildConfiguration;
			buildSettings = {
				CODE_SIGN_ENTITLEMENTS = ScreenCPMonitor/ScreenCPMonitor.entitlements;
				GENERATE_INFOPLIST_FILE = YES;
				INFOPLIST_FILE = ScreenCPMonitor/Info.plist;
				LD_RUNPATH_SEARCH_PATHS = (
					"$(inherited)",
					"@executable_path/Frameworks",
					"@executable_path/../../Frameworks",
				);
				PRODUCT_BUNDLE_IDENTIFIER = com.vishnukchitti.screencp.monitor;
				SDKROOT = iphoneos;
				TARGETED_DEVICE_FAMILY = "1,2";
			};
			name = Debug;
		};
		92EF11AC7D92A002ED216E49 /* Debug */ = {
			isa = XCBuildConfiguration;
			buildSettings = {
				CFBundleShortVersionString = 0.1.0;
				CURRENT_PROJECT_VERSION = 1;
				GENERATE_INFOPLIST_FILE = YES;
				INFOPLIST_FILE = ScreenCPWidgets/Info.plist;
				IPHONEOS_DEPLOYMENT_TARGET = 16.2;
				LD_RUNPATH_SEARCH_PATHS = (
					"$(inherited)",
					"@executable_path/Frameworks",
					"@executable_path/../../Frameworks",
				);
				PRODUCT_BUNDLE_IDENTIFIER = com.vishnukchitti.screencp.widgets;
				SDKROOT = iphoneos;
				TARGETED_DEVICE_FAMILY = "1,2";
			};
			name = Debug;
		};
		A77EA362610FFA62B2174638 /* Debug */ = {
			isa = XCBuildConfiguration;
			buildSettings = {
				CODE_SIGN_ENTITLEMENTS = ScreenCPShield/ScreenCPShield.entitlements;
				GENERATE_INFOPLIST_FILE = YES;
				INFOPLIST_FILE = ScreenCPShield/Info.plist;
				LD_RUNPATH_SEARCH_PATHS = (
					"$(inherited)",
					"@executable_path/Frameworks",
					"@executable_path/../../Frameworks",
				);
				PRODUCT_BUNDLE_IDENTIFIER = com.vishnukchitti.screencp.shield;
				SDKROOT = iphoneos;
				TARGETED_DEVICE_FAMILY = "1,2";
			};
			name = Debug;
		};
		B14AD753B6656BABD787FC5A /* Release */ = {
			isa = XCBuildConfiguration;
			buildSettings = {
				ALWAYS_SEARCH_USER_PATHS = NO;
				CLANG_ANALYZER_NONNULL = YES;
				CLANG_ANALYZER_NUMBER_OBJECT_CONVERSION = YES_AGGRESSIVE;
				CLANG_CXX_LANGUAGE_STANDARD = "gnu++14";
				CLANG_CXX_LIBRARY = "libc++";
				CLANG_ENABLE_MODULES = YES;
				CLANG_ENABLE_OBJC_ARC = YES;
				CLANG_ENABLE_OBJC_WEAK = YES;
				CLANG_WARN_BLOCK_CAPTURE_AUTORELEASING = YES;
				CLANG_WARN_BOOL_CONVERSION = YES;
				CLANG_WARN_COMMA = YES;
				CLANG_WARN_CONSTANT_CONVERSION = YES;
				CLANG_WARN_DEPRECATED_OBJC_IMPLEMENTATIONS = YES;
				CLANG_WARN_DIRECT_OBJC_ISA_USAGE = YES_ERROR;
				CLANG_WARN_DOCUMENTATION_COMMENTS = YES;
				CLANG_WARN_EMPTY_BODY = YES;
				CLANG_WARN_ENUM_CONVERSION = YES;
				CLANG_WARN_INFINITE_RECURSION = YES;
				CLANG_WARN_INT_CONVERSION = YES;
				CLANG_WARN_NON_LITERAL_NULL_CONVERSION = YES;
				CLANG_WARN_OBJC_IMPLICIT_RETAIN_SELF = YES;
				CLANG_WARN_OBJC_LITERAL_CONVERSION = YES;
				CLANG_WARN_OBJC_ROOT_CLASS = YES_ERROR;
				CLANG_WARN_QUOTED_INCLUDE_IN_FRAMEWORK_HEADER = YES;
				CLANG_WARN_RANGE_LOOP_ANALYSIS = YES;
				CLANG_WARN_STRICT_PROTOTYPES = YES;
				CLANG_WARN_SUSPICIOUS_MOVE = YES;
				CLANG_WARN_UNGUARDED_AVAILABILITY = YES_AGGRESSIVE;
				CLANG_WARN_UNREACHABLE_CODE = YES;
				CLANG_WARN__DUPLICATE_METHOD_MATCH = YES;
				CODE_SIGN_STYLE = Automatic;
				COPY_PHASE_STRIP = NO;
				CURRENT_PROJECT_VERSION = 1;
				DEBUG_INFORMATION_FORMAT = "dwarf-with-dsym";
				DEVELOPMENT_TEAM = R78VP2V5AQ;
				ENABLE_NS_ASSERTIONS = NO;
				ENABLE_STRICT_OBJC_MSGSEND = YES;
				GCC_C_LANGUAGE_STANDARD = gnu11;
				GCC_NO_COMMON_BLOCKS = YES;
				GCC_WARN_64_TO_32_BIT_CONVERSION = YES;
				GCC_WARN_ABOUT_RETURN_TYPE = YES_ERROR;
				GCC_WARN_UNDECLARED_SELECTOR = YES;
				GCC_WARN_UNINITIALIZED_AUTOS = YES_AGGRESSIVE;
				GCC_WARN_UNUSED_FUNCTION = YES;
				GCC_WARN_UNUSED_VARIABLE = YES;
				IPHONEOS_DEPLOYMENT_TARGET = 16.0;
				MARKETING_VERSION = 0.1.0;
				MTL_ENABLE_DEBUG_INFO = NO;
				MTL_FAST_MATH = YES;
				PRODUCT_NAME = "$(TARGET_NAME)";
				SDKROOT = iphoneos;
				SWIFT_COMPILATION_MODE = wholemodule;
				SWIFT_OPTIMIZATION_LEVEL = "-O";
				SWIFT_VERSION = 5.9;
			};
			name = Release;
		};
		B6FA87E10B09D5819BC98A14 /* Debug */ = {
			isa = XCBuildConfiguration;
			buildSettings = {
				ALWAYS_SEARCH_USER_PATHS = NO;
				CLANG_ANALYZER_NONNULL = YES;
				CLANG_ANALYZER_NUMBER_OBJECT_CONVERSION = YES_AGGRESSIVE;
				CLANG_CXX_LANGUAGE_STANDARD = "gnu++14";
				CLANG_CXX_LIBRARY = "libc++";
				CLANG_ENABLE_MODULES = YES;
				CLANG_ENABLE_OBJC_ARC = YES;
				CLANG_ENABLE_OBJC_WEAK = YES;
				CLANG_WARN_BLOCK_CAPTURE_AUTORELEASING = YES;
				CLANG_WARN_BOOL_CONVERSION = YES;
				CLANG_WARN_COMMA = YES;
				CLANG_WARN_CONSTANT_CONVERSION = YES;
				CLANG_WARN_DEPRECATED_OBJC_IMPLEMENTATIONS = YES;
				CLANG_WARN_DIRECT_OBJC_ISA_USAGE = YES_ERROR;
				CLANG_WARN_DOCUMENTATION_COMMENTS = YES;
				CLANG_WARN_EMPTY_BODY = YES;
				CLANG_WARN_ENUM_CONVERSION = YES;
				CLANG_WARN_INFINITE_RECURSION = YES;
				CLANG_WARN_INT_CONVERSION = YES;
				CLANG_WARN_NON_LITERAL_NULL_CONVERSION = YES;
				CLANG_WARN_OBJC_IMPLICIT_RETAIN_SELF = YES;
				CLANG_WARN_OBJC_LITERAL_CONVERSION = YES;
				CLANG_WARN_OBJC_ROOT_CLASS = YES_ERROR;
				CLANG_WARN_QUOTED_INCLUDE_IN_FRAMEWORK_HEADER = YES;
				CLANG_WARN_RANGE_LOOP_ANALYSIS = YES;
				CLANG_WARN_STRICT_PROTOTYPES = YES;
				CLANG_WARN_SUSPICIOUS_MOVE = YES;
				CLANG_WARN_UNGUARDED_AVAILABILITY = YES_AGGRESSIVE;
				CLANG_WARN_UNREACHABLE_CODE = YES;
				CLANG_WARN__DUPLICATE_METHOD_MATCH = YES;
				CODE_SIGN_STYLE = Automatic;
				COPY_PHASE_STRIP = NO;
				CURRENT_PROJECT_VERSION = 1;
				DEBUG_INFORMATION_FORMAT = dwarf;
				DEVELOPMENT_TEAM = R78VP2V5AQ;
				ENABLE_STRICT_OBJC_MSGSEND = YES;
				ENABLE_TESTABILITY = YES;
				GCC_C_LANGUAGE_STANDARD = gnu11;
				GCC_DYNAMIC_NO_PIC = NO;
				GCC_NO_COMMON_BLOCKS = YES;
				GCC_OPTIMIZATION_LEVEL = 0;
				GCC_PREPROCESSOR_DEFINITIONS = (
					"$(inherited)",
					"DEBUG=1",
				);
				GCC_WARN_64_TO_32_BIT_CONVERSION = YES;
				GCC_WARN_ABOUT_RETURN_TYPE = YES_ERROR;
				GCC_WARN_UNDECLARED_SELECTOR = YES;
				GCC_WARN_UNINITIALIZED_AUTOS = YES_AGGRESSIVE;
				GCC_WARN_UNUSED_FUNCTION = YES;
				GCC_WARN_UNUSED_VARIABLE = YES;
				IPHONEOS_DEPLOYMENT_TARGET = 16.0;
				MARKETING_VERSION = 0.1.0;
				MTL_ENABLE_DEBUG_INFO = INCLUDE_SOURCE;
				MTL_FAST_MATH = YES;
				ONLY_ACTIVE_ARCH = YES;
				PRODUCT_NAME = "$(TARGET_NAME)";
				SDKROOT = iphoneos;
				SWIFT_ACTIVE_COMPILATION_CONDITIONS = DEBUG;
				SWIFT_OPTIMIZATION_LEVEL = "-Onone";
				SWIFT_VERSION = 5.9;
			};
			name = Debug;
		};
		CA7C3907D6375E3A000B3D8A /* Release */ = {
			isa = XCBuildConfiguration;
			buildSettings = {
				CODE_SIGN_ENTITLEMENTS = ScreenCPMonitor/ScreenCPMonitor.entitlements;
				GENERATE_INFOPLIST_FILE = YES;
				INFOPLIST_FILE = ScreenCPMonitor/Info.plist;
				LD_RUNPATH_SEARCH_PATHS = (
					"$(inherited)",
					"@executable_path/Frameworks",
					"@executable_path/../../Frameworks",
				);
				PRODUCT_BUNDLE_IDENTIFIER = com.vishnukchitti.screencp.monitor;
				SDKROOT = iphoneos;
				TARGETED_DEVICE_FAMILY = "1,2";
			};
			name = Release;
		};
		E9CA18C37BA583665DA93D4D /* Release */ = {
			isa = XCBuildConfiguration;
			buildSettings = {
				CODE_SIGN_ENTITLEMENTS = ScreenCPApplier/ScreenCPApplier.entitlements;
				GENERATE_INFOPLIST_FILE = YES;
				INFOPLIST_FILE = ScreenCPApplier/Info.plist;
				LD_RUNPATH_SEARCH_PATHS = (
					"$(inherited)",
					"@executable_path/Frameworks",
					"@executable_path/../../Frameworks",
				);
				PRODUCT_BUNDLE_IDENTIFIER = com.vishnukchitti.screencp.applier;
				SDKROOT = iphoneos;
				TARGETED_DEVICE_FAMILY = "1,2";
			};
			name = Release;
		};
		F0DC3A1075D2E9E9BEB1C1C7 /* Release */ = {
			isa = XCBuildConfiguration;
			buildSettings = {
				CODE_SIGN_ENTITLEMENTS = ScreenCPShield/ScreenCPShield.entitlements;
				GENERATE_INFOPLIST_FILE = YES;
				INFOPLIST_FILE = ScreenCPShield/Info.plist;
				LD_RUNPATH_SEARCH_PATHS = (
					"$(inherited)",
					"@executable_path/Frameworks",
					"@executable_path/../../Frameworks",
				);
				PRODUCT_BUNDLE_IDENTIFIER = com.vishnukchitti.screencp.shield;
				SDKROOT = iphoneos;
				TARGETED_DEVICE_FAMILY = "1,2";
			};
			name = Release;
		};
		F2DBE6A8B8843F9BD93FE156 /* Release */ = {
			isa = XCBuildConfiguration;
			buildSettings = {
				ASSETCATALOG_COMPILER_APPICON_NAME = AppIcon;
				CODE_SIGN_ENTITLEMENTS = ScreenCP/ScreenCP.entitlements;
				CODE_SIGN_IDENTITY = "iPhone Developer";
				GENERATE_INFOPLIST_FILE = YES;
				INFOPLIST_FILE = ScreenCP/Info.plist;
				INFOPLIST_KEY_UILaunchScreen_Generation = YES;
				LD_RUNPATH_SEARCH_PATHS = (
					"$(inherited)",
					"@executable_path/Frameworks",
				);
				PRODUCT_BUNDLE_IDENTIFIER = com.vishnukchitti.screencp;
				SDKROOT = iphoneos;
				TARGETED_DEVICE_FAMILY = "1,2";
			};
			name = Release;
		};
		F2DD4EB772BC618FC9F0E076 /* Release */ = {
			isa = XCBuildConfiguration;
			buildSettings = {
				CODE_SIGN_ENTITLEMENTS = ScreenCPShieldAction/ScreenCPShieldAction.entitlements;
				GENERATE_INFOPLIST_FILE = YES;
				INFOPLIST_FILE = ScreenCPShieldAction/Info.plist;
				LD_RUNPATH_SEARCH_PATHS = (
					"$(inherited)",
					"@executable_path/Frameworks",
					"@executable_path/../../Frameworks",
				);
				PRODUCT_BUNDLE_IDENTIFIER = com.vishnukchitti.screencp.shieldaction;
				SDKROOT = iphoneos;
				TARGETED_DEVICE_FAMILY = "1,2";
			};
			name = Release;
		};
/* End XCBuildConfiguration section */

/* Begin XCConfigurationList section */
		3D53704D0FE2645BDC2B242A /* Build configuration list for PBXNativeTarget "ScreenCP" */ = {
			isa = XCConfigurationList;
			buildConfigurations = (
				496292AFF012608DD08F8E6E /* Debug */,
				F2DBE6A8B8843F9BD93FE156 /* Release */,
			);
			defaultConfigurationIsVisible = 0;
			defaultConfigurationName = Debug;
		};
		6C1F0806A2E2876AA52A9313 /* Build configuration list for PBXNativeTarget "ScreenCPShieldAction" */ = {
			isa = XCConfigurationList;
			buildConfigurations = (
				4A1D37FA68E2F4FA248FE1B7 /* Debug */,
				F2DD4EB772BC618FC9F0E076 /* Release */,
			);
			defaultConfigurationIsVisible = 0;
			defaultConfigurationName = Debug;
		};
		74961196FD093AC1B2315CD7 /* Build configuration list for PBXNativeTarget "ScreenCPMonitor" */ = {
			isa = XCConfigurationList;
			buildConfigurations = (
				8063D95614413D8DB42434A5 /* Debug */,
				CA7C3907D6375E3A000B3D8A /* Release */,
			);
			defaultConfigurationIsVisible = 0;
			defaultConfigurationName = Debug;
		};
		BB0612AD6C9901509268C07D /* Build configuration list for PBXNativeTarget "ScreenCPShield" */ = {
			isa = XCConfigurationList;
			buildConfigurations = (
				A77EA362610FFA62B2174638 /* Debug */,
				F0DC3A1075D2E9E9BEB1C1C7 /* Release */,
			);
			defaultConfigurationIsVisible = 0;
			defaultConfigurationName = Debug;
		};
		C5DCE736EB4D36C8298808E4 /* Build configuration list for PBXNativeTarget "ScreenCPWidgets" */ = {
			isa = XCConfigurationList;
			buildConfigurations = (
				92EF11AC7D92A002ED216E49 /* Debug */,
				07040529B9194733D32DBD30 /* Release */,
			);
			defaultConfigurationIsVisible = 0;
			defaultConfigurationName = Debug;
		};
		E9B55F37A76D8501F63A9A83 /* Build configuration list for PBXNativeTarget "ScreenCPApplier" */ = {
			isa = XCConfigurationList;
			buildConfigurations = (
				3B3B8440F89C1883247F0178 /* Debug */,
				E9CA18C37BA583665DA93D4D /* Release */,
			);
			defaultConfigurationIsVisible = 0;
			defaultConfigurationName = Debug;
		};
		F578E0F1DB58A3B74FC76321 /* Build configuration list for PBXProject "ScreenCP" */ = {
			isa = XCConfigurationList;
			buildConfigurations = (
				B6FA87E10B09D5819BC98A14 /* Debug */,
				B14AD753B6656BABD787FC5A /* Release */,
			);
			defaultConfigurationIsVisible = 0;
			defaultConfigurationName = Debug;
		};
/* End XCConfigurationList section */
	};
	rootObject = 359F9B31ADA8C15722BA4FC4 /* Project object */;
}
